// !$*UTF8*$!
{
	archiveVersion = 1;
	classes = {
	};
	objectVersion = 56;
	objects = {

/* Begin PBXBuildFile section */
		8B3703132AEBD42C00D58E9F /* Lottie in Frameworks */ = {isa = PBXBuildFile; productRef = 8B3703122AEBD42C00D58E9F /* Lottie */; };
		8B7FFFBC2BCEFBA7002FEDAB /* onBording1.json in Resources */ = {isa = PBXBuildFile; fileRef = 8B7FFFB82BCEFBA7002FEDAB /* onBording1.json */; };
		8B7FFFBD2BCEFBA7002FEDAB /* onBording2.json in Resources */ = {isa = PBXBuildFile; fileRef = 8B7FFFB92BCEFBA7002FEDAB /* onBording2.json */; };
		8B7FFFBE2BCEFBA7002FEDAB /* onBording3.json in Resources */ = {isa = PBXBuildFile; fileRef = 8B7FFFBA2BCEFBA7002FEDAB /* onBording3.json */; };
		8B881D362AB46FFB00515ECD /* FirebaseAnalytics in Frameworks */ = {isa = PBXBuildFile; productRef = 8B881D352AB46FFB00515ECD /* FirebaseAnalytics */; };
		8B881D382AB46FFB00515ECD /* FirebaseAnalyticsWithoutAdIdSupport in Frameworks */ = {isa = PBXBuildFile; productRef = 8B881D372AB46FFB00515ECD /* FirebaseAnalyticsWithoutAdIdSupport */; };
		8B881D3A2AB46FFB00515ECD /* FirebaseAuth in Frameworks */ = {isa = PBXBuildFile; productRef = 8B881D392AB46FFB00515ECD /* FirebaseAuth */; };
		8BE954E22AB1B82100E06736 /* Assets.xcassets in Resources */ = {isa = PBXBuildFile; fileRef = 8BE954E12AB1B82100E06736 /* Assets.xcassets */; };
		8BE954E52AB1B82100E06736 /* LaunchScreen.storyboard in Resources */ = {isa = PBXBuildFile; fileRef = 8BE954E32AB1B82100E06736 /* LaunchScreen.storyboard */; };
		8BE954EE2AB1C69700E06736 /* SnapKit in Frameworks */ = {isa = PBXBuildFile; productRef = 8BE954ED2AB1C69700E06736 /* SnapKit */; };
		91C2590A2BCF080300EE3A02 /* CartView.swift in Sources */ = {isa = PBXBuildFile; fileRef = 91C258F92BCF080300EE3A02 /* CartView.swift */; };
		91C2590B2BCF080300EE3A02 /* ChatView.swift in Sources */ = {isa = PBXBuildFile; fileRef = 91C258FA2BCF080300EE3A02 /* ChatView.swift */; };
		91C2590C2BCF080300EE3A02 /* DataOptionView.swift in Sources */ = {isa = PBXBuildFile; fileRef = 91C258FB2BCF080300EE3A02 /* DataOptionView.swift */; };
		91C2590D2BCF080300EE3A02 /* DebitCard.swift in Sources */ = {isa = PBXBuildFile; fileRef = 91C258FC2BCF080300EE3A02 /* DebitCard.swift */; };
		91C2590E2BCF080300EE3A02 /* ErrorForReg.swift in Sources */ = {isa = PBXBuildFile; fileRef = 91C258FD2BCF080300EE3A02 /* ErrorForReg.swift */; };
		91C2590F2BCF080300EE3A02 /* HostingSwiftUItoUIkitController.swift in Sources */ = {isa = PBXBuildFile; fileRef = 91C258FE2BCF080300EE3A02 /* HostingSwiftUItoUIkitController.swift */; };
		91C259102BCF080300EE3A02 /* Main.swift in Sources */ = {isa = PBXBuildFile; fileRef = 91C258FF2BCF080300EE3A02 /* Main.swift */; };
		91C259112BCF080300EE3A02 /* OnBordingView.swift in Sources */ = {isa = PBXBuildFile; fileRef = 91C259002BCF080300EE3A02 /* OnBordingView.swift */; };
		91C259122BCF080300EE3A02 /* PlaceOrderView.swift in Sources */ = {isa = PBXBuildFile; fileRef = 91C259012BCF080300EE3A02 /* PlaceOrderView.swift */; };
		91C259132BCF080300EE3A02 /* ProfileView.swift in Sources */ = {isa = PBXBuildFile; fileRef = 91C259022BCF080300EE3A02 /* ProfileView.swift */; };
		91C259142BCF080300EE3A02 /* RegistrationForms.swift in Sources */ = {isa = PBXBuildFile; fileRef = 91C259032BCF080300EE3A02 /* RegistrationForms.swift */; };
		91C259152BCF080300EE3A02 /* SignIn.swift in Sources */ = {isa = PBXBuildFile; fileRef = 91C259042BCF080300EE3A02 /* SignIn.swift */; };
		91C259162BCF080300EE3A02 /* SignUp.swift in Sources */ = {isa = PBXBuildFile; fileRef = 91C259052BCF080300EE3A02 /* SignUp.swift */; };
		91C259172BCF080300EE3A02 /* SpecialDealView.swift in Sources */ = {isa = PBXBuildFile; fileRef = 91C259062BCF080300EE3A02 /* SpecialDealView.swift */; };
		91C259182BCF080300EE3A02 /* UserProfileView.swift in Sources */ = {isa = PBXBuildFile; fileRef = 91C259072BCF080300EE3A02 /* UserProfileView.swift */; };
		91C259192BCF080300EE3A02 /* ViewController.swift in Sources */ = {isa = PBXBuildFile; fileRef = 91C259082BCF080300EE3A02 /* ViewController.swift */; };
		91C2593D2BCF09E500EE3A02 /* Carousel.swift in Sources */ = {isa = PBXBuildFile; fileRef = 91C259312BCF09E500EE3A02 /* Carousel.swift */; };
		91C2593E2BCF09E500EE3A02 /* ChatViewModel.swift in Sources */ = {isa = PBXBuildFile; fileRef = 91C259322BCF09E500EE3A02 /* ChatViewModel.swift */; };
		91C259402BCF09E500EE3A02 /* CustomIndic.swift in Sources */ = {isa = PBXBuildFile; fileRef = 91C259342BCF09E500EE3A02 /* CustomIndic.swift */; };
		91C259412BCF09E500EE3A02 /* Demo.swift in Sources */ = {isa = PBXBuildFile; fileRef = 91C259352BCF09E500EE3A02 /* Demo.swift */; };
		91C259422BCF09E500EE3A02 /* example.swift in Sources */ = {isa = PBXBuildFile; fileRef = 91C259362BCF09E500EE3A02 /* example.swift */; };
		91C259432BCF09E500EE3A02 /* OpenAIService.swift in Sources */ = {isa = PBXBuildFile; fileRef = 91C259372BCF09E500EE3A02 /* OpenAIService.swift */; };
		91C259442BCF09E500EE3A02 /* ParticleEffect.swift in Sources */ = {isa = PBXBuildFile; fileRef = 91C259382BCF09E500EE3A02 /* ParticleEffect.swift */; };
		91C259452BCF09E500EE3A02 /* Train.swift in Sources */ = {isa = PBXBuildFile; fileRef = 91C259392BCF09E500EE3A02 /* Train.swift */; };
		91C259462BCF09E500EE3A02 /* training.swift in Sources */ = {isa = PBXBuildFile; fileRef = 91C2593A2BCF09E500EE3A02 /* training.swift */; };
		91C259472BCF09E500EE3A02 /* UserLocation.swift in Sources */ = {isa = PBXBuildFile; fileRef = 91C2593B2BCF09E500EE3A02 /* UserLocation.swift */; };
		91C2594D2BCF0A2900EE3A02 /* ImagePicker.swift in Sources */ = {isa = PBXBuildFile; fileRef = 91C259482BCF0A2900EE3A02 /* ImagePicker.swift */; };
		91C2594E2BCF0A2900EE3A02 /* ItemDetailView.swift in Sources */ = {isa = PBXBuildFile; fileRef = 91C259492BCF0A2900EE3A02 /* ItemDetailView.swift */; };
		91C2594F2BCF0A2900EE3A02 /* LikedItemView.swift in Sources */ = {isa = PBXBuildFile; fileRef = 91C2594A2BCF0A2900EE3A02 /* LikedItemView.swift */; };
		91C259502BCF0A2900EE3A02 /* StorageUserDefaultModal.swift in Sources */ = {isa = PBXBuildFile; fileRef = 91C2594B2BCF0A2900EE3A02 /* StorageUserDefaultModal.swift */; };
		91C2595C2BCF0A4C00EE3A02 /* accepted.json in Resources */ = {isa = PBXBuildFile; fileRef = 91C259512BCF0A4C00EE3A02 /* accepted.json */; };
		91C2595D2BCF0A4C00EE3A02 /* cart.json in Resources */ = {isa = PBXBuildFile; fileRef = 91C259522BCF0A4C00EE3A02 /* cart.json */; };
		91C2595E2BCF0A4C00EE3A02 /* deliver.json in Resources */ = {isa = PBXBuildFile; fileRef = 91C259532BCF0A4C00EE3A02 /* deliver.json */; };
		91C2595F2BCF0A4C00EE3A02 /* delivered.json in Resources */ = {isa = PBXBuildFile; fileRef = 91C259542BCF0A4C00EE3A02 /* delivered.json */; };
		91C259602BCF0A4C00EE3A02 /* Heart.json in Resources */ = {isa = PBXBuildFile; fileRef = 91C259552BCF0A4C00EE3A02 /* Heart.json */; };
		91C259612BCF0A4C00EE3A02 /* onBording1.json in Resources */ = {isa = PBXBuildFile; fileRef = 91C259562BCF0A4C00EE3A02 /* onBording1.json */; };
		91C259622BCF0A4C00EE3A02 /* onBording2.json in Resources */ = {isa = PBXBuildFile; fileRef = 91C259572BCF0A4C00EE3A02 /* onBording2.json */; };
		91C259632BCF0A4C00EE3A02 /* onBording3.json in Resources */ = {isa = PBXBuildFile; fileRef = 91C259582BCF0A4C00EE3A02 /* onBording3.json */; };
		91C259642BCF0A4C00EE3A02 /* pending.json in Resources */ = {isa = PBXBuildFile; fileRef = 91C259592BCF0A4C00EE3A02 /* pending.json */; };
		91C259652BCF0A4C00EE3A02 /* way.json in Resources */ = {isa = PBXBuildFile; fileRef = 91C2595A2BCF0A4C00EE3A02 /* way.json */; };
		91C2596D2BCF0AC800EE3A02 /* AppDelegate.swift in Sources */ = {isa = PBXBuildFile; fileRef = 91C259662BCF0AC800EE3A02 /* AppDelegate.swift */; };
		91C2596E2BCF0AC800EE3A02 /* CategoryItemsView.swift in Sources */ = {isa = PBXBuildFile; fileRef = 91C259672BCF0AC800EE3A02 /* CategoryItemsView.swift */; };
		91C2596F2BCF0AC800EE3A02 /* GoogleService-Info.plist in Resources */ = {isa = PBXBuildFile; fileRef = 91C259682BCF0AC800EE3A02 /* GoogleService-Info.plist */; };
		91C259702BCF0AC800EE3A02 /* GroceriesApp.swift in Sources */ = {isa = PBXBuildFile; fileRef = 91C259692BCF0AC800EE3A02 /* GroceriesApp.swift */; };
		91C259712BCF0AC800EE3A02 /* Info.plist in Resources */ = {isa = PBXBuildFile; fileRef = 91C2596A2BCF0AC800EE3A02 /* Info.plist */; };
		91C259722BCF0AC800EE3A02 /* SceneDelegate.swift in Sources */ = {isa = PBXBuildFile; fileRef = 91C2596B2BCF0AC800EE3A02 /* SceneDelegate.swift */; };
		91C259742BCF0B0200EE3A02 /* Assets.xcassets in Resources */ = {isa = PBXBuildFile; fileRef = 91C259732BCF0B0200EE3A02 /* Assets.xcassets */; };
/* End PBXBuildFile section */

/* Begin PBXFileReference section */
		8B7FFFB82BCEFBA7002FEDAB /* onBording1.json */ = {isa = PBXFileReference; fileEncoding = 4; lastKnownFileType = text.json; path = onBording1.json; sourceTree = "<group>"; };
		8B7FFFB92BCEFBA7002FEDAB /* onBording2.json */ = {isa = PBXFileReference; fileEncoding = 4; lastKnownFileType = text.json; path = onBording2.json; sourceTree = "<group>"; };
		8B7FFFBA2BCEFBA7002FEDAB /* onBording3.json */ = {isa = PBXFileReference; fileEncoding = 4; lastKnownFileType = text.json; path = onBording3.json; sourceTree = "<group>"; };
		8BE954D52AB1B82000E06736 /* Culinary Oasis.app */ = {isa = PBXFileReference; explicitFileType = wrapper.application; includeInIndex = 0; path = "Culinary Oasis.app"; sourceTree = BUILT_PRODUCTS_DIR; };
		8BE954E12AB1B82100E06736 /* Assets.xcassets */ = {isa = PBXFileReference; lastKnownFileType = folder.assetcatalog; path = Assets.xcassets; sourceTree = "<group>"; };
		8BE954E42AB1B82100E06736 /* Base */ = {isa = PBXFileReference; lastKnownFileType = file.storyboard; name = Base; path = Base.lproj/LaunchScreen.storyboard; sourceTree = "<group>"; };
		8BE954E62AB1B82100E06736 /* Info.plist */ = {isa = PBXFileReference; lastKnownFileType = text.plist.xml; path = Info.plist; sourceTree = "<group>"; };
		91C258F92BCF080300EE3A02 /* CartView.swift */ = {isa = PBXFileReference; fileEncoding = 4; lastKnownFileType = sourcecode.swift; path = CartView.swift; sourceTree = "<group>"; };
		91C258FA2BCF080300EE3A02 /* ChatView.swift */ = {isa = PBXFileReference; fileEncoding = 4; lastKnownFileType = sourcecode.swift; path = ChatView.swift; sourceTree = "<group>"; };
		91C258FB2BCF080300EE3A02 /* DataOptionView.swift */ = {isa = PBXFileReference; fileEncoding = 4; lastKnownFileType = sourcecode.swift; path = DataOptionView.swift; sourceTree = "<group>"; };
		91C258FC2BCF080300EE3A02 /* DebitCard.swift */ = {isa = PBXFileReference; fileEncoding = 4; lastKnownFileType = sourcecode.swift; path = DebitCard.swift; sourceTree = "<group>"; };
		91C258FD2BCF080300EE3A02 /* ErrorForReg.swift */ = {isa = PBXFileReference; fileEncoding = 4; lastKnownFileType = sourcecode.swift; path = ErrorForReg.swift; sourceTree = "<group>"; };
		91C258FE2BCF080300EE3A02 /* HostingSwiftUItoUIkitController.swift */ = {isa = PBXFileReference; fileEncoding = 4; lastKnownFileType = sourcecode.swift; path = HostingSwiftUItoUIkitController.swift; sourceTree = "<group>"; };
		91C258FF2BCF080300EE3A02 /* Main.swift */ = {isa = PBXFileReference; fileEncoding = 4; lastKnownFileType = sourcecode.swift; path = Main.swift; sourceTree = "<group>"; };
		91C259002BCF080300EE3A02 /* OnBordingView.swift */ = {isa = PBXFileReference; fileEncoding = 4; lastKnownFileType = sourcecode.swift; path = OnBordingView.swift; sourceTree = "<group>"; };
		91C259012BCF080300EE3A02 /* PlaceOrderView.swift */ = {isa = PBXFileReference; fileEncoding = 4; lastKnownFileType = sourcecode.swift; path = PlaceOrderView.swift; sourceTree = "<group>"; };
		91C259022BCF080300EE3A02 /* ProfileView.swift */ = {isa = PBXFileReference; fileEncoding = 4; lastKnownFileType = sourcecode.swift; path = ProfileView.swift; sourceTree = "<group>"; };
		91C259032BCF080300EE3A02 /* RegistrationForms.swift */ = {isa = PBXFileReference; fileEncoding = 4; lastKnownFileType = sourcecode.swift; path = RegistrationForms.swift; sourceTree = "<group>"; };
		91C259042BCF080300EE3A02 /* SignIn.swift */ = {isa = PBXFileReference; fileEncoding = 4; lastKnownFileType = sourcecode.swift; path = SignIn.swift; sourceTree = "<group>"; };
		91C259052BCF080300EE3A02 /* SignUp.swift */ = {isa = PBXFileReference; fileEncoding = 4; lastKnownFileType = sourcecode.swift; path = SignUp.swift; sourceTree = "<group>"; };
		91C259062BCF080300EE3A02 /* SpecialDealView.swift */ = {isa = PBXFileReference; fileEncoding = 4; lastKnownFileType = sourcecode.swift; path = SpecialDealView.swift; sourceTree = "<group>"; };
		91C259072BCF080300EE3A02 /* UserProfileView.swift */ = {isa = PBXFileReference; fileEncoding = 4; lastKnownFileType = sourcecode.swift; path = UserProfileView.swift; sourceTree = "<group>"; };
		91C259082BCF080300EE3A02 /* ViewController.swift */ = {isa = PBXFileReference; fileEncoding = 4; lastKnownFileType = sourcecode.swift; path = ViewController.swift; sourceTree = "<group>"; };
		91C259312BCF09E500EE3A02 /* Carousel.swift */ = {isa = PBXFileReference; fileEncoding = 4; lastKnownFileType = sourcecode.swift; path = Carousel.swift; sourceTree = "<group>"; };
		91C259322BCF09E500EE3A02 /* ChatViewModel.swift */ = {isa = PBXFileReference; fileEncoding = 4; lastKnownFileType = sourcecode.swift; path = ChatViewModel.swift; sourceTree = "<group>"; };
		91C259342BCF09E500EE3A02 /* CustomIndic.swift */ = {isa = PBXFileReference; fileEncoding = 4; lastKnownFileType = sourcecode.swift; path = CustomIndic.swift; sourceTree = "<group>"; };
		91C259352BCF09E500EE3A02 /* Demo.swift */ = {isa = PBXFileReference; fileEncoding = 4; lastKnownFileType = sourcecode.swift; path = Demo.swift; sourceTree = "<group>"; };
		91C259362BCF09E500EE3A02 /* example.swift */ = {isa = PBXFileReference; fileEncoding = 4; lastKnownFileType = sourcecode.swift; path = example.swift; sourceTree = "<group>"; };
		91C259372BCF09E500EE3A02 /* OpenAIService.swift */ = {isa = PBXFileReference; fileEncoding = 4; lastKnownFileType = sourcecode.swift; path = OpenAIService.swift; sourceTree = "<group>"; };
		91C259382BCF09E500EE3A02 /* ParticleEffect.swift */ = {isa = PBXFileReference; fileEncoding = 4; lastKnownFileType = sourcecode.swift; path = ParticleEffect.swift; sourceTree = "<group>"; };
		91C259392BCF09E500EE3A02 /* Train.swift */ = {isa = PBXFileReference; fileEncoding = 4; lastKnownFileType = sourcecode.swift; path = Train.swift; sourceTree = "<group>"; };
		91C2593A2BCF09E500EE3A02 /* training.swift */ = {isa = PBXFileReference; fileEncoding = 4; lastKnownFileType = sourcecode.swift; path = training.swift; sourceTree = "<group>"; };
		91C2593B2BCF09E500EE3A02 /* UserLocation.swift */ = {isa = PBXFileReference; fileEncoding = 4; lastKnownFileType = sourcecode.swift; path = UserLocation.swift; sourceTree = "<group>"; };
		91C259482BCF0A2900EE3A02 /* ImagePicker.swift */ = {isa = PBXFileReference; fileEncoding = 4; lastKnownFileType = sourcecode.swift; path = ImagePicker.swift; sourceTree = "<group>"; };
		91C259492BCF0A2900EE3A02 /* ItemDetailView.swift */ = {isa = PBXFileReference; fileEncoding = 4; lastKnownFileType = sourcecode.swift; path = ItemDetailView.swift; sourceTree = "<group>"; };
		91C2594A2BCF0A2900EE3A02 /* LikedItemView.swift */ = {isa = PBXFileReference; fileEncoding = 4; lastKnownFileType = sourcecode.swift; path = LikedItemView.swift; sourceTree = "<group>"; };
		91C2594B2BCF0A2900EE3A02 /* StorageUserDefaultModal.swift */ = {isa = PBXFileReference; fileEncoding = 4; lastKnownFileType = sourcecode.swift; path = StorageUserDefaultModal.swift; sourceTree = "<group>"; };
		91C259512BCF0A4C00EE3A02 /* accepted.json */ = {isa = PBXFileReference; fileEncoding = 4; lastKnownFileType = text.json; path = accepted.json; sourceTree = "<group>"; };
		91C259522BCF0A4C00EE3A02 /* cart.json */ = {isa = PBXFileReference; fileEncoding = 4; lastKnownFileType = text.json; path = cart.json; sourceTree = "<group>"; };
		91C259532BCF0A4C00EE3A02 /* deliver.json */ = {isa = PBXFileReference; fileEncoding = 4; lastKnownFileType = text.json; path = deliver.json; sourceTree = "<group>"; };
		91C259542BCF0A4C00EE3A02 /* delivered.json */ = {isa = PBXFileReference; fileEncoding = 4; lastKnownFileType = text.json; path = delivered.json; sourceTree = "<group>"; };
		91C259552BCF0A4C00EE3A02 /* Heart.json */ = {isa = PBXFileReference; fileEncoding = 4; lastKnownFileType = text.json; path = Heart.json; sourceTree = "<group>"; };
		91C259562BCF0A4C00EE3A02 /* onBording1.json */ = {isa = PBXFileReference; fileEncoding = 4; lastKnownFileType = text.json; path = onBording1.json; sourceTree = "<group>"; };
		91C259572BCF0A4C00EE3A02 /* onBording2.json */ = {isa = PBXFileReference; fileEncoding = 4; lastKnownFileType = text.json; path = onBording2.json; sourceTree = "<group>"; };
		91C259582BCF0A4C00EE3A02 /* onBording3.json */ = {isa = PBXFileReference; fileEncoding = 4; lastKnownFileType = text.json; path = onBording3.json; sourceTree = "<group>"; };
		91C259592BCF0A4C00EE3A02 /* pending.json */ = {isa = PBXFileReference; fileEncoding = 4; lastKnownFileType = text.json; path = pending.json; sourceTree = "<group>"; };
		91C2595A2BCF0A4C00EE3A02 /* way.json */ = {isa = PBXFileReference; fileEncoding = 4; lastKnownFileType = text.json; path = way.json; sourceTree = "<group>"; };
		91C259662BCF0AC800EE3A02 /* AppDelegate.swift */ = {isa = PBXFileReference; fileEncoding = 4; lastKnownFileType = sourcecode.swift; path = AppDelegate.swift; sourceTree = "<group>"; };
		91C259672BCF0AC800EE3A02 /* CategoryItemsView.swift */ = {isa = PBXFileReference; fileEncoding = 4; lastKnownFileType = sourcecode.swift; path = CategoryItemsView.swift; sourceTree = "<group>"; };
		91C259682BCF0AC800EE3A02 /* GoogleService-Info.plist */ = {isa = PBXFileReference; fileEncoding = 4; lastKnownFileType = text.plist.xml; path = "GoogleService-Info.plist"; sourceTree = "<group>"; };
		91C259692BCF0AC800EE3A02 /* GroceriesApp.swift */ = {isa = PBXFileReference; fileEncoding = 4; lastKnownFileType = sourcecode.swift; path = GroceriesApp.swift; sourceTree = "<group>"; };
		91C2596A2BCF0AC800EE3A02 /* Info.plist */ = {isa = PBXFileReference; fileEncoding = 4; lastKnownFileType = text.plist.xml; path = Info.plist; sourceTree = "<group>"; };
		91C2596B2BCF0AC800EE3A02 /* SceneDelegate.swift */ = {isa = PBXFileReference; fileEncoding = 4; lastKnownFileType = sourcecode.swift; path = SceneDelegate.swift; sourceTree = "<group>"; };
		91C259732BCF0B0200EE3A02 /* Assets.xcassets */ = {isa = PBXFileReference; lastKnownFileType = folder.assetcatalog; name = Assets.xcassets; path = ../../../../OrangeBox/OrangeHACKATHON/OrangeHACKATHON/Assets.xcassets; sourceTree = "<group>"; };
/* End PBXFileReference section */

/* Begin PBXFrameworksBuildPhase section */
		8BE954D22AB1B82000E06736 /* Frameworks */ = {
			isa = PBXFrameworksBuildPhase;
			buildActionMask = 2147483647;
			files = (
				8B3703132AEBD42C00D58E9F /* Lottie in Frameworks */,
				8B881D362AB46FFB00515ECD /* FirebaseAnalytics in Frameworks */,
				8B881D382AB46FFB00515ECD /* FirebaseAnalyticsWithoutAdIdSupport in Frameworks */,
				8BE954EE2AB1C69700E06736 /* SnapKit in Frameworks */,
				8B881D3A2AB46FFB00515ECD /* FirebaseAuth in Frameworks */,
			);
			runOnlyForDeploymentPostprocessing = 0;
		};
/* End PBXFrameworksBuildPhase section */

/* Begin PBXGroup section */
		8B7FFFBB2BCEFBA7002FEDAB /* source */ = {
			isa = PBXGroup;
			children = (
				8B7FFFB82BCEFBA7002FEDAB /* onBording1.json */,
				8B7FFFB92BCEFBA7002FEDAB /* onBording2.json */,
				8B7FFFBA2BCEFBA7002FEDAB /* onBording3.json */,
			);
			path = source;
			sourceTree = SOURCE_ROOT;
		};
		8BE954CC2AB1B82000E06736 = {
			isa = PBXGroup;
			children = (
				8BE954D72AB1B82000E06736 /* OrangeHACKATHON */,
				8BE954D62AB1B82000E06736 /* Products */,
			);
			sourceTree = "<group>";
		};
		8BE954D62AB1B82000E06736 /* Products */ = {
			isa = PBXGroup;
			children = (
				8BE954D52AB1B82000E06736 /* Culinary Oasis.app */,
			);
			name = Products;
			sourceTree = "<group>";
		};
		8BE954D72AB1B82000E06736 /* OrangeHACKATHON */ = {
			isa = PBXGroup;
			children = (
				91C2596C2BCF0AC800EE3A02 /* main */,
				8B7FFFBB2BCEFBA7002FEDAB /* source */,
				91C2595B2BCF0A4C00EE3A02 /* source */,
				91C2594C2BCF0A2900EE3A02 /* viewModel */,
				91C2593C2BCF09E500EE3A02 /* model */,
				91C259092BCF080300EE3A02 /* view */,
				8BE954E12AB1B82100E06736 /* Assets.xcassets */,
				8BE954E32AB1B82100E06736 /* LaunchScreen.storyboard */,
				8BE954E62AB1B82100E06736 /* Info.plist */,
				91C259732BCF0B0200EE3A02 /* Assets.xcassets */,
			);
			path = OrangeHACKATHON;
			sourceTree = "<group>";
		};
		91C259092BCF080300EE3A02 /* view */ = {
			isa = PBXGroup;
			children = (
				91C258F92BCF080300EE3A02 /* CartView.swift */,
				91C258FA2BCF080300EE3A02 /* ChatView.swift */,
				91C258FB2BCF080300EE3A02 /* DataOptionView.swift */,
				91C258FC2BCF080300EE3A02 /* DebitCard.swift */,
				91C258FD2BCF080300EE3A02 /* ErrorForReg.swift */,
				91C258FF2BCF080300EE3A02 /* Main.swift */,
				91C259002BCF080300EE3A02 /* OnBordingView.swift */,
				91C259012BCF080300EE3A02 /* PlaceOrderView.swift */,
				91C259022BCF080300EE3A02 /* ProfileView.swift */,
				91C259032BCF080300EE3A02 /* RegistrationForms.swift */,
				91C259042BCF080300EE3A02 /* SignIn.swift */,
				91C259052BCF080300EE3A02 /* SignUp.swift */,
				91C259062BCF080300EE3A02 /* SpecialDealView.swift */,
				91C259072BCF080300EE3A02 /* UserProfileView.swift */,
				91C259082BCF080300EE3A02 /* ViewController.swift */,
			);
			path = view;
			sourceTree = "<group>";
		};
		91C2593C2BCF09E500EE3A02 /* model */ = {
			isa = PBXGroup;
			children = (
				91C259312BCF09E500EE3A02 /* Carousel.swift */,
				91C259322BCF09E500EE3A02 /* ChatViewModel.swift */,
				91C259342BCF09E500EE3A02 /* CustomIndic.swift */,
				91C259352BCF09E500EE3A02 /* Demo.swift */,
				91C259362BCF09E500EE3A02 /* example.swift */,
				91C259372BCF09E500EE3A02 /* OpenAIService.swift */,
				91C259382BCF09E500EE3A02 /* ParticleEffect.swift */,
				91C259392BCF09E500EE3A02 /* Train.swift */,
				91C2593A2BCF09E500EE3A02 /* training.swift */,
				91C2593B2BCF09E500EE3A02 /* UserLocation.swift */,
			);
			path = model;
			sourceTree = "<group>";
		};
		91C2594C2BCF0A2900EE3A02 /* viewModel */ = {
			isa = PBXGroup;
			children = (
				91C259482BCF0A2900EE3A02 /* ImagePicker.swift */,
				91C259492BCF0A2900EE3A02 /* ItemDetailView.swift */,
				91C258FE2BCF080300EE3A02 /* HostingSwiftUItoUIkitController.swift */,
				91C2594A2BCF0A2900EE3A02 /* LikedItemView.swift */,
				91C2594B2BCF0A2900EE3A02 /* StorageUserDefaultModal.swift */,
			);
			path = viewModel;
			sourceTree = "<group>";
		};
		91C2595B2BCF0A4C00EE3A02 /* source */ = {
			isa = PBXGroup;
			children = (
				91C259512BCF0A4C00EE3A02 /* accepted.json */,
				91C259522BCF0A4C00EE3A02 /* cart.json */,
				91C259532BCF0A4C00EE3A02 /* deliver.json */,
				91C259542BCF0A4C00EE3A02 /* delivered.json */,
				91C259552BCF0A4C00EE3A02 /* Heart.json */,
				91C259562BCF0A4C00EE3A02 /* onBording1.json */,
				91C259572BCF0A4C00EE3A02 /* onBording2.json */,
				91C259582BCF0A4C00EE3A02 /* onBording3.json */,
				91C259592BCF0A4C00EE3A02 /* pending.json */,
				91C2595A2BCF0A4C00EE3A02 /* way.json */,
			);
			path = source;
			sourceTree = "<group>";
		};
		91C2596C2BCF0AC800EE3A02 /* main */ = {
			isa = PBXGroup;
			children = (
				91C259662BCF0AC800EE3A02 /* AppDelegate.swift */,
				91C259672BCF0AC800EE3A02 /* CategoryItemsView.swift */,
				91C259682BCF0AC800EE3A02 /* GoogleService-Info.plist */,
				91C259692BCF0AC800EE3A02 /* GroceriesApp.swift */,
				91C2596A2BCF0AC800EE3A02 /* Info.plist */,
				91C2596B2BCF0AC800EE3A02 /* SceneDelegate.swift */,
			);
			path = main;
			sourceTree = "<group>";
		};
/* End PBXGroup section */

/* Begin PBXNativeTarget section */
		8BE954D42AB1B82000E06736 /* Culinary Oasis */ = {
			isa = PBXNativeTarget;
			buildConfigurationList = 8BE954E92AB1B82100E06736 /* Build configuration list for PBXNativeTarget "Culinary Oasis" */;
			buildPhases = (
				8BE954D12AB1B82000E06736 /* Sources */,
				8BE954D22AB1B82000E06736 /* Frameworks */,
				8BE954D32AB1B82000E06736 /* Resources */,
			);
			buildRules = (
			);
			dependencies = (
			);
			name = "Culinary Oasis";
			packageProductDependencies = (
				8BE954ED2AB1C69700E06736 /* SnapKit */,
				8B881D352AB46FFB00515ECD /* FirebaseAnalytics */,
				8B881D372AB46FFB00515ECD /* FirebaseAnalyticsWithoutAdIdSupport */,
				8B881D392AB46FFB00515ECD /* FirebaseAuth */,
				8B3703122AEBD42C00D58E9F /* Lottie */,
			);
			productName = OrangeHACKATHON;
			productReference = 8BE954D52AB1B82000E06736 /* Culinary Oasis.app */;
			productType = "com.apple.product-type.application";
		};
/* End PBXNativeTarget section */

/* Begin PBXProject section */
		8BE954CD2AB1B82000E06736 /* Project object */ = {
			isa = PBXProject;
			attributes = {
				BuildIndependentTargetsInParallel = 1;
				LastSwiftUpdateCheck = 1430;
				LastUpgradeCheck = 1500;
				TargetAttributes = {
					8BE954D42AB1B82000E06736 = {
						CreatedOnToolsVersion = 14.3.1;
					};
				};
			};
			buildConfigurationList = 8BE954D02AB1B82000E06736 /* Build configuration list for PBXProject "OrangeHACKATHON" */;
			compatibilityVersion = "Xcode 14.0";
			developmentRegion = en;
			hasScannedForEncodings = 0;
			knownRegions = (
				en,
				Base,
			);
			mainGroup = 8BE954CC2AB1B82000E06736;
			packageReferences = (
				8BE954EC2AB1C69700E06736 /* XCRemoteSwiftPackageReference "SnapKit" */,
				8B881D342AB46FFB00515ECD /* XCRemoteSwiftPackageReference "firebase-ios-sdk" */,
				8B3703112AEBD42C00D58E9F /* XCRemoteSwiftPackageReference "lottie-ios" */,
			);
			productRefGroup = 8BE954D62AB1B82000E06736 /* Products */;
			projectDirPath = "";
			projectRoot = "";
			targets = (
				8BE954D42AB1B82000E06736 /* Culinary Oasis */,
			);
		};
/* End PBXProject section */

/* Begin PBXResourcesBuildPhase section */
		8BE954D32AB1B82000E06736 /* Resources */ = {
			isa = PBXResourcesBuildPhase;
			buildActionMask = 2147483647;
			files = (
				91C2595E2BCF0A4C00EE3A02 /* deliver.json in Resources */,
				91C259652BCF0A4C00EE3A02 /* way.json in Resources */,
				91C259712BCF0AC800EE3A02 /* Info.plist in Resources */,
				8B7FFFBE2BCEFBA7002FEDAB /* onBording3.json in Resources */,
				8BE954E52AB1B82100E06736 /* LaunchScreen.storyboard in Resources */,
				91C2595C2BCF0A4C00EE3A02 /* accepted.json in Resources */,
				91C2595F2BCF0A4C00EE3A02 /* delivered.json in Resources */,
				91C259602BCF0A4C00EE3A02 /* Heart.json in Resources */,
				91C259612BCF0A4C00EE3A02 /* onBording1.json in Resources */,
				91C2595D2BCF0A4C00EE3A02 /* cart.json in Resources */,
				91C259632BCF0A4C00EE3A02 /* onBording3.json in Resources */,
				91C259642BCF0A4C00EE3A02 /* pending.json in Resources */,
				8B7FFFBD2BCEFBA7002FEDAB /* onBording2.json in Resources */,
				91C2596F2BCF0AC800EE3A02 /* GoogleService-Info.plist in Resources */,
				8B7FFFBC2BCEFBA7002FEDAB /* onBording1.json in Resources */,
				8BE954E22AB1B82100E06736 /* Assets.xcassets in Resources */,
				91C259742BCF0B0200EE3A02 /* Assets.xcassets in Resources */,
				91C259622BCF0A4C00EE3A02 /* onBording2.json in Resources */,
			);
			runOnlyForDeploymentPostprocessing = 0;
		};
/* End PBXResourcesBuildPhase section */

/* Begin PBXSourcesBuildPhase section */
		8BE954D12AB1B82000E06736 /* Sources */ = {
			isa = PBXSourcesBuildPhase;
			buildActionMask = 2147483647;
			files = (
				91C2590F2BCF080300EE3A02 /* HostingSwiftUItoUIkitController.swift in Sources */,
				91C259172BCF080300EE3A02 /* SpecialDealView.swift in Sources */,
				91C259142BCF080300EE3A02 /* RegistrationForms.swift in Sources */,
				91C259402BCF09E500EE3A02 /* CustomIndic.swift in Sources */,
				91C259502BCF0A2900EE3A02 /* StorageUserDefaultModal.swift in Sources */,
				91C259702BCF0AC800EE3A02 /* GroceriesApp.swift in Sources */,
				91C259472BCF09E500EE3A02 /* UserLocation.swift in Sources */,
				91C2594D2BCF0A2900EE3A02 /* ImagePicker.swift in Sources */,
				91C259182BCF080300EE3A02 /* UserProfileView.swift in Sources */,
				91C2594E2BCF0A2900EE3A02 /* ItemDetailView.swift in Sources */,
				91C2594F2BCF0A2900EE3A02 /* LikedItemView.swift in Sources */,
				91C259152BCF080300EE3A02 /* SignIn.swift in Sources */,
				91C259112BCF080300EE3A02 /* OnBordingView.swift in Sources */,
				91C259412BCF09E500EE3A02 /* Demo.swift in Sources */,
				91C259162BCF080300EE3A02 /* SignUp.swift in Sources */,
				91C2590B2BCF080300EE3A02 /* ChatView.swift in Sources */,
				91C259442BCF09E500EE3A02 /* ParticleEffect.swift in Sources */,
				91C2596E2BCF0AC800EE3A02 /* CategoryItemsView.swift in Sources */,
				91C259122BCF080300EE3A02 /* PlaceOrderView.swift in Sources */,
				91C259432BCF09E500EE3A02 /* OpenAIService.swift in Sources */,
				91C259102BCF080300EE3A02 /* Main.swift in Sources */,
				91C2590A2BCF080300EE3A02 /* CartView.swift in Sources */,
				91C259422BCF09E500EE3A02 /* example.swift in Sources */,
				91C259722BCF0AC800EE3A02 /* SceneDelegate.swift in Sources */,
				91C259452BCF09E500EE3A02 /* Train.swift in Sources */,
				91C259192BCF080300EE3A02 /* ViewController.swift in Sources */,
				91C2590E2BCF080300EE3A02 /* ErrorForReg.swift in Sources */,
				91C259132BCF080300EE3A02 /* ProfileView.swift in Sources */,
				91C2593E2BCF09E500EE3A02 /* ChatViewModel.swift in Sources */,
				91C2590C2BCF080300EE3A02 /* DataOptionView.swift in Sources */,
				91C2590D2BCF080300EE3A02 /* DebitCard.swift in Sources */,
				91C2593D2BCF09E500EE3A02 /* Carousel.swift in Sources */,
				91C259462BCF09E500EE3A02 /* training.swift in Sources */,
				91C2596D2BCF0AC800EE3A02 /* AppDelegate.swift in Sources */,
			);
			runOnlyForDeploymentPostprocessing = 0;
		};
/* End PBXSourcesBuildPhase section */

/* Begin PBXVariantGroup section */
		8BE954E32AB1B82100E06736 /* LaunchScreen.storyboard */ = {
			isa = PBXVariantGroup;
			children = (
				8BE954E42AB1B82100E06736 /* Base */,
			);
			name = LaunchScreen.storyboard;
			sourceTree = "<group>";
		};
/* End PBXVariantGroup section */

/* Begin XCBuildConfiguration section */
		8BE954E72AB1B82100E06736 /* Debug */ = {
			isa = XCBuildConfiguration;
			buildSettings = {
				ALWAYS_SEARCH_USER_PATHS = NO;
				CLANG_ANALYZER_NONNULL = YES;
				CLANG_ANALYZER_NUMBER_OBJECT_CONVERSION = YES_AGGRESSIVE;
				CLANG_CXX_LANGUAGE_STANDARD = "gnu++20";
				CLANG_ENABLE_MODULES = YES;
				CLANG_ENABLE_OBJC_ARC = YES;
				CLANG_ENABLE_OBJC_WEAK = YES;
				CLANG_WARN_BLOCK_CAPTURE_AUTORELEASING = YES;
				CLANG_WARN_BOOL_CONVERSION = YES;
				CLANG_WARN_COMMA = YES;
				CLANG_WARN_CONSTANT_CONVERSION = YES;
				CLANG_WARN_DEPRECATED_OBJC_IMPLEMENTATIONS = YES;
				CLANG_WARN_DIRECT_OBJC_ISA_USAGE = YES_ERROR;
				CLANG_WARN_DOCUMENTATION_COMMENTS = YES;
				CLANG_WARN_EMPTY_BODY = YES;
				CLANG_WARN_ENUM_CONVERSION = YES;
				CLANG_WARN_INFINITE_RECURSION = YES;
				CLANG_WARN_INT_CONVERSION = YES;
				CLANG_WARN_NON_LITERAL_NULL_CONVERSION = YES;
				CLANG_WARN_OBJC_IMPLICIT_RETAIN_SELF = YES;
				CLANG_WARN_OBJC_LITERAL_CONVERSION = YES;
				CLANG_WARN_OBJC_ROOT_CLASS = YES_ERROR;
				CLANG_WARN_QUOTED_INCLUDE_IN_FRAMEWORK_HEADER = YES;
				CLANG_WARN_RANGE_LOOP_ANALYSIS = YES;
				CLANG_WARN_STRICT_PROTOTYPES = YES;
				CLANG_WARN_SUSPICIOUS_MOVE = YES;
				CLANG_WARN_UNGUARDED_AVAILABILITY = YES_AGGRESSIVE;
				CLANG_WARN_UNREACHABLE_CODE = YES;
				CLANG_WARN__DUPLICATE_METHOD_MATCH = YES;
				COPY_PHASE_STRIP = NO;
				DEBUG_INFORMATION_FORMAT = dwarf;
				ENABLE_STRICT_OBJC_MSGSEND = YES;
				ENABLE_TESTABILITY = YES;
				ENABLE_USER_SCRIPT_SANDBOXING = YES;
				GCC_C_LANGUAGE_STANDARD = gnu11;
				GCC_DYNAMIC_NO_PIC = NO;
				GCC_NO_COMMON_BLOCKS = YES;
				GCC_OPTIMIZATION_LEVEL = 0;
				GCC_PREPROCESSOR_DEFINITIONS = (
					"DEBUG=1",
					"$(inherited)",
				);
				GCC_WARN_64_TO_32_BIT_CONVERSION = YES;
				GCC_WARN_ABOUT_RETURN_TYPE = YES_ERROR;
				GCC_WARN_UNDECLARED_SELECTOR = YES;
				GCC_WARN_UNINITIALIZED_AUTOS = YES_AGGRESSIVE;
				GCC_WARN_UNUSED_FUNCTION = YES;
				GCC_WARN_UNUSED_VARIABLE = YES;
				IPHONEOS_DEPLOYMENT_TARGET = 16.4;
				MTL_ENABLE_DEBUG_INFO = INCLUDE_SOURCE;
				MTL_FAST_MATH = YES;
				ONLY_ACTIVE_ARCH = YES;
				SDKROOT = iphoneos;
				SWIFT_ACTIVE_COMPILATION_CONDITIONS = DEBUG;
				SWIFT_OPTIMIZATION_LEVEL = "-Onone";
			};
			name = Debug;
		};
		8BE954E82AB1B82100E06736 /* Release */ = {
			isa = XCBuildConfiguration;
			buildSettings = {
				ALWAYS_SEARCH_USER_PATHS = NO;
				CLANG_ANALYZER_NONNULL = YES;
				CLANG_ANALYZER_NUMBER_OBJECT_CONVERSION = YES_AGGRESSIVE;
				CLANG_CXX_LANGUAGE_STANDARD = "gnu++20";
				CLANG_ENABLE_MODULES = YES;
				CLANG_ENABLE_OBJC_ARC = YES;
				CLANG_ENABLE_OBJC_WEAK = YES;
				CLANG_WARN_BLOCK_CAPTURE_AUTORELEASING = YES;
				CLANG_WARN_BOOL_CONVERSION = YES;
				CLANG_WARN_COMMA = YES;
				CLANG_WARN_CONSTANT_CONVERSION = YES;
				CLANG_WARN_DEPRECATED_OBJC_IMPLEMENTATIONS = YES;
				CLANG_WARN_DIRECT_OBJC_ISA_USAGE = YES_ERROR;
				CLANG_WARN_DOCUMENTATION_COMMENTS = YES;
				CLANG_WARN_EMPTY_BODY = YES;
				CLANG_WARN_ENUM_CONVERSION = YES;
				CLANG_WARN_INFINITE_RECURSION = YES;
				CLANG_WARN_INT_CONVERSION = YES;
				CLANG_WARN_NON_LITERAL_NULL_CONVERSION = YES;
				CLANG_WARN_OBJC_IMPLICIT_RETAIN_SELF = YES;
				CLANG_WARN_OBJC_LITERAL_CONVERSION = YES;
				CLANG_WARN_OBJC_ROOT_CLASS = YES_ERROR;
				CLANG_WARN_QUOTED_INCLUDE_IN_FRAMEWORK_HEADER = YES;
				CLANG_WARN_RANGE_LOOP_ANALYSIS = YES;
				CLANG_WARN_STRICT_PROTOTYPES = YES;
				CLANG_WARN_SUSPICIOUS_MOVE = YES;
				CLANG_WARN_UNGUARDED_AVAILABILITY = YES_AGGRESSIVE;
				CLANG_WARN_UNREACHABLE_CODE = YES;
				CLANG_WARN__DUPLICATE_METHOD_MATCH = YES;
				COPY_PHASE_STRIP = NO;
				DEBUG_INFORMATION_FORMAT = "dwarf-with-dsym";
				ENABLE_NS_ASSERTIONS = NO;
				ENABLE_STRICT_OBJC_MSGSEND = YES;
				ENABLE_USER_SCRIPT_SANDBOXING = YES;
				GCC_C_LANGUAGE_STANDARD = gnu11;
				GCC_NO_COMMON_BLOCKS = YES;
				GCC_WARN_64_TO_32_BIT_CONVERSION = YES;
				GCC_WARN_ABOUT_RETURN_TYPE = YES_ERROR;
				GCC_WARN_UNDECLARED_SELECTOR = YES;
				GCC_WARN_UNINITIALIZED_AUTOS = YES_AGGRESSIVE;
				GCC_WARN_UNUSED_FUNCTION = YES;
				GCC_WARN_UNUSED_VARIABLE = YES;
				IPHONEOS_DEPLOYMENT_TARGET = 16.4;
				MTL_ENABLE_DEBUG_INFO = NO;
				MTL_FAST_MATH = YES;
				SDKROOT = iphoneos;
				SWIFT_COMPILATION_MODE = wholemodule;
				SWIFT_OPTIMIZATION_LEVEL = "-O";
				VALIDATE_PRODUCT = YES;
			};
			name = Release;
		};
		8BE954EA2AB1B82100E06736 /* Debug */ = {
			isa = XCBuildConfiguration;
			buildSettings = {
				ASSETCATALOG_COMPILER_APPICON_NAME = AppIcon;
				ASSETCATALOG_COMPILER_GLOBAL_ACCENT_COLOR_NAME = AccentColor;
				CODE_SIGN_STYLE = Automatic;
				CURRENT_PROJECT_VERSION = 1;
				DEVELOPMENT_TEAM = U5PQY3V94J;
				GENERATE_INFOPLIST_FILE = YES;
				INFOPLIST_FILE = OrangeHACKATHON/Info.plist;
				INFOPLIST_KEY_CFBundleDisplayName = "Culinary Oasis";
				INFOPLIST_KEY_LSApplicationCategoryType = "public.app-category.food-and-drink";
				INFOPLIST_KEY_UIApplicationSupportsIndirectInputEvents = YES;
				INFOPLIST_KEY_UILaunchStoryboardName = LaunchScreen;
				INFOPLIST_KEY_UIMainStoryboardFile = "";
				INFOPLIST_KEY_UISupportedInterfaceOrientations_iPad = "UIInterfaceOrientationPortrait UIInterfaceOrientationPortraitUpsideDown UIInterfaceOrientationLandscapeLeft UIInterfaceOrientationLandscapeRight";
				INFOPLIST_KEY_UISupportedInterfaceOrientations_iPhone = "UIInterfaceOrientationPortrait UIInterfaceOrientationLandscapeLeft UIInterfaceOrientationLandscapeRight";
				LD_RUNPATH_SEARCH_PATHS = (
					"$(inherited)",
					"@executable_path/Frameworks",
				);
				MARKETING_VERSION = 1.0;
				PRODUCT_BUNDLE_IDENTIFIER = SDU.CulinaryOasis;
				PRODUCT_NAME = "$(TARGET_NAME)";
				SWIFT_EMIT_LOC_STRINGS = YES;
				SWIFT_VERSION = 5.0;
				TARGETED_DEVICE_FAMILY = "1,2";
			};
			name = Debug;
		};
		8BE954EB2AB1B82100E06736 /* Release */ = {
			isa = XCBuildConfiguration;
			buildSettings = {
				ASSETCATALOG_COMPILER_APPICON_NAME = AppIcon;
				ASSETCATALOG_COMPILER_GLOBAL_ACCENT_COLOR_NAME = AccentColor;
				CODE_SIGN_STYLE = Automatic;
				CURRENT_PROJECT_VERSION = 1;
				DEVELOPMENT_TEAM = U5PQY3V94J;
				GENERATE_INFOPLIST_FILE = YES;
				INFOPLIST_FILE = OrangeHACKATHON/Info.plist;
				INFOPLIST_KEY_CFBundleDisplayName = "Culinary Oasis";
				INFOPLIST_KEY_LSApplicationCategoryType = "public.app-category.food-and-drink";
				INFOPLIST_KEY_UIApplicationSupportsIndirectInputEvents = YES;
				INFOPLIST_KEY_UILaunchStoryboardName = LaunchScreen;
				INFOPLIST_KEY_UIMainStoryboardFile = "";
				INFOPLIST_KEY_UISupportedInterfaceOrientations_iPad = "UIInterfaceOrientationPortrait UIInterfaceOrientationPortraitUpsideDown UIInterfaceOrientationLandscapeLeft UIInterfaceOrientationLandscapeRight";
				INFOPLIST_KEY_UISupportedInterfaceOrientations_iPhone = "UIInterfaceOrientationPortrait UIInterfaceOrientationLandscapeLeft UIInterfaceOrientationLandscapeRight";
				LD_RUNPATH_SEARCH_PATHS = (
					"$(inherited)",
					"@executable_path/Frameworks",
				);
				MARKETING_VERSION = 1.0;
				PRODUCT_BUNDLE_IDENTIFIER = SDU.CulinaryOasis;
				PRODUCT_NAME = "$(TARGET_NAME)";
				SWIFT_EMIT_LOC_STRINGS = YES;
				SWIFT_VERSION = 5.0;
				TARGETED_DEVICE_FAMILY = "1,2";
			};
			name = Release;
		};
/* End XCBuildConfiguration section */

/* Begin XCConfigurationList section */
		8BE954D02AB1B82000E06736 /* Build configuration list for PBXProject "OrangeHACKATHON" */ = {
			isa = XCConfigurationList;
			buildConfigurations = (
				8BE954E72AB1B82100E06736 /* Debug */,
				8BE954E82AB1B82100E06736 /* Release */,
			);
			defaultConfigurationIsVisible = 0;
			defaultConfigurationName = Release;
		};
		8BE954E92AB1B82100E06736 /* Build configuration list for PBXNativeTarget "Culinary Oasis" */ = {
			isa = XCConfigurationList;
			buildConfigurations = (
				8BE954EA2AB1B82100E06736 /* Debug */,
				8BE954EB2AB1B82100E06736 /* Release */,
			);
			defaultConfigurationIsVisible = 0;
			defaultConfigurationName = Release;
		};
/* End XCConfigurationList section */

/* Begin XCRemoteSwiftPackageReference section */
		8B3703112AEBD42C00D58E9F /* XCRemoteSwiftPackageReference "lottie-ios" */ = {
			isa = XCRemoteSwiftPackageReference;
			repositoryURL = "https://github.com/airbnb/lottie-ios.git";
			requirement = {
				kind = upToNextMajorVersion;
				minimumVersion = 4.3.3;
			};
		};
		8B881D342AB46FFB00515ECD /* XCRemoteSwiftPackageReference "firebase-ios-sdk" */ = {
			isa = XCRemoteSwiftPackageReference;
			repositoryURL = "https://github.com/firebase/firebase-ios-sdk";
			requirement = {
				kind = upToNextMajorVersion;
				minimumVersion = 10.0.0;
			};
		};
		8BE954EC2AB1C69700E06736 /* XCRemoteSwiftPackageReference "SnapKit" */ = {
			isa = XCRemoteSwiftPackageReference;
			repositoryURL = "https://github.com/SnapKit/SnapKit";
			requirement = {
				kind = upToNextMajorVersion;
				minimumVersion = 5.0.0;
			};
		};
/* End XCRemoteSwiftPackageReference section */

/* Begin XCSwiftPackageProductDependency section */
		8B3703122AEBD42C00D58E9F /* Lottie */ = {
			isa = XCSwiftPackageProductDependency;
			package = 8B3703112AEBD42C00D58E9F /* XCRemoteSwiftPackageReference "lottie-ios" */;
			productName = Lottie;
		};
		8B881D352AB46FFB00515ECD /* FirebaseAnalytics */ = {
			isa = XCSwiftPackageProductDependency;
			package = 8B881D342AB46FFB00515ECD /* XCRemoteSwiftPackageReference "firebase-ios-sdk" */;
			productName = FirebaseAnalytics;
		};
		8B881D372AB46FFB00515ECD /* FirebaseAnalyticsWithoutAdIdSupport */ = {
			isa = XCSwiftPackageProductDependency;
			package = 8B881D342AB46FFB00515ECD /* XCRemoteSwiftPackageReference "firebase-ios-sdk" */;
			productName = FirebaseAnalyticsWithoutAdIdSupport;
		};
		8B881D392AB46FFB00515ECD /* FirebaseAuth */ = {
			isa = XCSwiftPackageProductDependency;
			package = 8B881D342AB46FFB00515ECD /* XCRemoteSwiftPackageReference "firebase-ios-sdk" */;
			productName = FirebaseAuth;
		};
		8BE954ED2AB1C69700E06736 /* SnapKit */ = {
			isa = XCSwiftPackageProductDependency;
			package = 8BE954EC2AB1C69700E06736 /* XCRemoteSwiftPackageReference "SnapKit" */;
			productName = SnapKit;
		};
/* End XCSwiftPackageProductDependency section */
	};
	rootObject = 8BE954CD2AB1B82000E06736 /* Project object */;
}
